
Microsoft Visual Studio Solution File, Format Version 12.00
# Visual Studio Version 16
VisualStudioVersion = 16.0.29424.173
MinimumVisualStudioVersion = 10.0.40219.1
Project("{FAE04EC0-301F-11D3-BF4B-00C04F79EFBC}") = "OpgaveC", "OpgaveC.csproj", "{4FEABC08-A700-4311-A80D-1C50C2AB83CF}"
EndProject
Global
	GlobalSection(SolutionConfigurationPlatforms) = preSolution
		Debug|Any CPU = Debug|Any CPU
		Release|Any CPU = Release|Any CPU
	EndGlobalSection
	GlobalSection(ProjectConfigurationPlatforms) = postSolution
		{4FEABC08-A700-4311-A80D-1C50C2AB83CF}.Debug|Any CPU.ActiveCfg = Debug|Any CPU
		{4FEABC08-A700-4311-A80D-1C50C2AB83CF}.Debug|Any CPU.Build.0 = Debug|Any CPU
		{4FEABC08-A700-4311-A80D-1C50C2AB83CF}.Release|Any CPU.ActiveCfg = Release|Any CPU
		{4FEABC08-A700-4311-A80D-1C50C2AB83CF}.Release|Any CPU.Build.0 = Release|Any CPU
	EndGlobalSection
	GlobalSection(SolutionProperties) = preSolution
		HideSolutionNode = FALSE
	EndGlobalSection
	GlobalSection(ExtensibilityGlobals) = postSolution
		SolutionGuid = {5077C6D6-0B12-45FF-868B-E5B629BA2B19}
	EndGlobalSection
EndGlobal
